{
  "nodes": {
    "hyprmod": {
      "inputs": {
        "nixpkgs": [
          "nixpkgs"
        ]
      },
      "locked": {
        "lastModified": 1787208859,
        "narHash": "sha256-f8ygnyOlwXGfM31+GB+B8y7TYDShyzHKuPo1ww+uxtQ=",
        "owner": "BlueManCZ",
        "repo": "hyprmod",
        "rev": "bf5b55a9a89d7eab5a6d6947743de9dcb1cacd4a",
        "type": "github"
      },
      "original": {
        "owner": "BlueManCZ",
        "repo": "hyprmod",
        "type": "github"
      }
    },
    "nixpkgs": {
      "locked": {
        "lastModified": 1786599213,
        "narHash": "sha256-yNJd40f11EzXBjSByCB7IPpeFFAdeoSKKM67dGkfFoU=",
        "owner": "NixOS",
        "repo": "nixpkgs",
        "rev": "0e251e24a4f24e036a084b6b4b2d2491af4167f4",
        "type": "github"
      },
      "original": {
        "owner": "NixOS",
        "ref": "nixos-unstable",
        "repo": "nixpkgs",
        "type": "github"
      }
    },
    "root": {
      "inputs": {
        "hyprmod": "hyprmod",
        "nixpkgs": "nixpkgs"
      }
    }
  },
  "root": "root",
  "version": 7
}
